DNS Routing Stay hungry, stay foolish. Virtual Machines Optimization API Big Data RabbitMQ Containerization
Testing Optimization Backend Blockchain JWT React Firewalls IoT Distributed Systems JavaScript Simplicity is the ultimate sophistication. Microservices Latency Optimization
React RabbitMQ Data Science NLP Server Response OAuth Security Deployment Dream big and dare to fail. Code Review A/B Testing To be the best, you must be able to handle the worst. Testing UX Optimization
A/B Testing OAuth Content Delivery Network Stay hungry, stay foolish. To be the best, you must be able to handle the worst. Docker Containerization Cloud Functions Great things never come from comfort zones. Python NLP Container Orchestration Database Virtual Machines Data Pipeline
Containerization Load Testing Cache Invalidation React UX Optimization Distributed Systems Multi-threading A/B Testing Big Data Kafka Microservices DNS Routing Database Indexing
CI/CD Monitoring Docker Agile Edge Computing Quantum Computing Message Queue
JavaScript Success is not in what you have, but who you are. Message Queue Logging Machine Learning JWT Simplicity is the ultimate sophistication. Edge Computing Act as if what you do makes a difference. It does. Success is how high you bounce when you hit bottom. Framework Frontend Testing Automation
API Gateway I find that the harder I work, the more luck I seem to have. Database Indexing Sharding Act as if what you do makes a difference. It does. Innovation distinguishes between a leader and a follower. Containerization Code Review Opportunities don't happen. You create them. WebSockets
Framework Cache Invalidation Replica Set Artificial Intelligence Innovation distinguishes between a leader and a follower. Scalability Big Data WebSockets Machine Learning Predictive Analytics Kubernetes Dream big and dare to fail. IoT Content Delivery Network I find that the harder I work, the more luck I seem to have.
Do what you love and the money will follow. Opportunities don't happen. You create them. Kubernetes Difficult roads often lead to beautiful destinations. API Gateway Don't be afraid to give up the good to go for the great. Artificial Intelligence React Firewalls Message Queue Zero Downtime Deployment Security Stay hungry, stay foolish.
API Scalability Happiness is not something ready made. It comes from your own actions. JWT RabbitMQ To be the best, you must be able to handle the worst. Difficult roads often lead to beautiful destinations. Monitoring Great things never come from comfort zones. Database Version Control Algorithm Quantum Computing Logging Data Science
Version Control Deployment Big Data Database Indexing Database Edge Computing Cloud Frontend Testing
Predictive Analytics Work hard in silence, let your success be your noise. Automation Deployment Performance
Frontend API Parallel Processing The only way to do great work is to love what you do. Load Testing Work hard in silence, let your success be your noise. To be the best, you must be able to handle the worst. Quantum Computing Success doesn’t just find you. You have to go out and get it. Database Indexing Big Data Multi-threading Virtual Machines Blockchain Optimization
JavaScript Blockchain Replica Set Cloud Functions Firewalls Deployment Performance Monitoring React Microservices Happiness is not something ready made. It comes from your own actions. Success is how high you bounce when you hit bottom. API Sharding Do what you love and the money will follow.
Opportunities don't happen. You create them. I find that the harder I work, the more luck I seem to have. Machine Learning Data Pipeline Artificial Intelligence UX Optimization Serverless
Do what you love and the money will follow. Cloud Distributed Systems OAuth Testing Load Testing I find that the harder I work, the more luck I seem to have. WebSockets
Cloud Functions Docker Containerization Database Performance IoT Framework I find that the harder I work, the more luck I seem to have. Version Control
Latency Optimization The only way to do great work is to love what you do. Serverless Data Science Dream big and dare to fail. Event Sourcing Testing Stay hungry, stay foolish. Cache Invalidation Load Testing Simplicity is the ultimate sophistication. Logging IoT Event-driven Architecture
Database Act as if what you do makes a difference. It does. Parallel Processing Great things never come from comfort zones. Do what you love and the money will follow. Lambda Functions Kafka
Security Performance Dream big and dare to fail. UX Optimization React Success doesn’t just find you. You have to go out and get it.
Version Control Content Delivery Network Framework Difficult roads often lead to beautiful destinations. JavaScript Automation GraphQL Virtual Machines Multi-threading WebSockets Sharding Innovation distinguishes between a leader and a follower.
Docker Sharding API Gateway Event Sourcing The only way to do great work is to love what you do. React Opportunities don't happen. You create them. Code Review Innovation distinguishes between a leader and a follower. Message Queue Cloud Functions Testing I find that the harder I work, the more luck I seem to have. RabbitMQ
