DNS Routing Stay hungry, stay foolish. Virtual Machines Optimization API Big Data RabbitMQ Containerization
Testing Optimization Backend Blockchain JWT React Firewalls IoT Distributed Systems JavaScript Simplicity is the ultimate sophistication. Microservices Latency Optimization
React RabbitMQ Data Science NLP Server Response OAuth Security Deployment Dream big and dare to fail. Code Review A/B Testing To be the best, you must be able to handle the worst. Testing UX Optimization
